{
  "name": "CareerCompass",
  "lockfileVersion": 3,
  "requires": true,
  "packages": {
    "": {
      "dependencies": {
        "@browsee/web-sdk": "^1.0.0"
      }
    },
    "node_modules/@browsee/web-sdk": {
      "version": "1.0.0",
      "resolved": "https://registry.npmjs.org/@browsee/web-sdk/-/web-sdk-1.0.0.tgz",
      "integrity": "sha512-5eamUud7fR2YLBQPMdzgE4V7XpmvgystB23MMad3liZHXWiOHNkEewWtShFT5x+ir3hfeyMxm+RZsWmBW4wulg=="
    }
  }
}
